
Microsoft Visual Studio Solution File, Format Version 12.00
# Visual Studio Version 17
VisualStudioVersion = 17.8.34316.72
MinimumVisualStudioVersion = 10.0.40219.1
Project("{9A19103F-16F7-4668-BE54-9A1E7A4F7556}") = "grpc_server", "grpc_server\grpc_server.csproj", "{F5336689-FCE2-485F-AA47-D8A37C487610}"
EndProject
Project("{9A19103F-16F7-4668-BE54-9A1E7A4F7556}") = "GrpcServerUnitTest", "..\GrpcServerUnitTest\GrpcServerUnitTest\GrpcServerUnitTest.csproj", "{50324258-8411-4366-896D-B9C18D8CAF03}"
EndProject
Global
	GlobalSection(SolutionConfigurationPlatforms) = preSolution
		Debug|Any CPU = Debug|Any CPU
		Release|Any CPU = Release|Any CPU
	EndGlobalSection
	GlobalSection(ProjectConfigurationPlatforms) = postSolution
		{F5336689-FCE2-485F-AA47-D8A37C487610}.Debug|Any CPU.ActiveCfg = Debug|Any CPU
		{F5336689-FCE2-485F-AA47-D8A37C487610}.Debug|Any CPU.Build.0 = Debug|Any CPU
		{F5336689-FCE2-485F-AA47-D8A37C487610}.Release|Any CPU.ActiveCfg = Release|Any CPU
		{F5336689-FCE2-485F-AA47-D8A37C487610}.Release|Any CPU.Build.0 = Release|Any CPU
		{50324258-8411-4366-896D-B9C18D8CAF03}.Debug|Any CPU.ActiveCfg = Debug|Any CPU
		{50324258-8411-4366-896D-B9C18D8CAF03}.Debug|Any CPU.Build.0 = Debug|Any CPU
		{50324258-8411-4366-896D-B9C18D8CAF03}.Release|Any CPU.ActiveCfg = Release|Any CPU
		{50324258-8411-4366-896D-B9C18D8CAF03}.Release|Any CPU.Build.0 = Release|Any CPU
	EndGlobalSection
	GlobalSection(SolutionProperties) = preSolution
		HideSolutionNode = FALSE
	EndGlobalSection
	GlobalSection(ExtensibilityGlobals) = postSolution
		SolutionGuid = {C63E98DB-7054-4CD2-AD02-17D9CC3A8C6F}
	EndGlobalSection
EndGlobal
